PODS:
  - FBSnapshotTestCase (2.1.4):
    - FBSnapshotTestCase/SwiftSupport (= 2.1.4)
  - FBSnapshotTestCase/Core (2.1.4)
  - FBSnapshotTestCase/SwiftSupport (2.1.4):
    - FBSnapshotTestCase/Core
  - qgNetworking (0.1.0)

DEPENDENCIES:
  - FBSnapshotTestCase
  - qgNetworking (from `../`)

SPEC REPOS:
  trunk:
    - FBSnapshotTestCase

EXTERNAL SOURCES:
  qgNetworking:
    :path: "../"

SPEC CHECKSUMS:
  FBSnapshotTestCase: 094f9f314decbabe373b87cc339bea235a63e07a
  qgNetworking: 02c24aed030f4a670526a99dd09053fcc8d77321

PODFILE CHECKSUM: 2169a9f7d6704baa77bc048502ba2f52f87cb2be

COCOAPODS: 1.11.2
